// !$*UTF8*$!
{
	archiveVersion = 1;
	classes = {
	};
	objectVersion = 50;
	objects = {

/* Begin PBXBuildFile section */
		33DDCD5D25002A4800133347 /* ChecklistItem.swift in Sources */ = {isa = PBXBuildFile; fileRef = 33DDCD5C25002A4800133347 /* ChecklistItem.swift */; };
		33F9185724F6D3580083FECD /* AppDelegate.swift in Sources */ = {isa = PBXBuildFile; fileRef = 33F9185624F6D3580083FECD /* AppDelegate.swift */; };
		33F9185924F6D3580083FECD /* SceneDelegate.swift in Sources */ = {isa = PBXBuildFile; fileRef = 33F9185824F6D3580083FECD /* SceneDelegate.swift */; };
		33F9185C24F6D3580083FECD /* ToDoSwiftUI.xcdatamodeld in Sources */ = {isa = PBXBuildFile; fileRef = 33F9185A24F6D3580083FECD /* ToDoSwiftUI.xcdatamodeld */; };
		33F9185E24F6D3580083FECD /* ChecklistView.swift in Sources */ = {isa = PBXBuildFile; fileRef = 33F9185D24F6D3580083FECD /* ChecklistView.swift */; };
		33F9186024F6D3590083FECD /* Assets.xcassets in Resources */ = {isa = PBXBuildFile; fileRef = 33F9185F24F6D3590083FECD /* Assets.xcassets */; };
		33F9186324F6D3590083FECD /* Preview Assets.xcassets in Resources */ = {isa = PBXBuildFile; fileRef = 33F9186224F6D3590083FECD /* Preview Assets.xcassets */; };
		33F9186624F6D3590083FECD /* LaunchScreen.storyboard in Resources */ = {isa = PBXBuildFile; fileRef = 33F9186424F6D3590083FECD /* LaunchScreen.storyboard */; };
		9239F8FC250A0BBD00D246A7 /* Cheklist.swift in Sources */ = {isa = PBXBuildFile; fileRef = 9239F8FB250A0BBD00D246A7 /* Cheklist.swift */; };
		9239F8FE250A23D100D246A7 /* EditCheklistItemView.swift in Sources */ = {isa = PBXBuildFile; fileRef = 9239F8FD250A23D100D246A7 /* EditCheklistItemView.swift */; };
		9239F900250A433500D246A7 /* NewCheklistItemView.swift in Sources */ = {isa = PBXBuildFile; fileRef = 9239F8FF250A433500D246A7 /* NewCheklistItemView.swift */; };
		9239F902250B6F1C00D246A7 /* RowView.swift in Sources */ = {isa = PBXBuildFile; fileRef = 9239F901250B6F1C00D246A7 /* RowView.swift */; };
		9239F907250BA07400D246A7 /* IndexedCollection.swift in Sources */ = {isa = PBXBuildFile; fileRef = 9239F904250BA07400D246A7 /* IndexedCollection.swift */; };
		9239F908250BA07400D246A7 /* Binding.swift in Sources */ = {isa = PBXBuildFile; fileRef = 9239F905250BA07400D246A7 /* Binding.swift */; };
		9239F909250BA07400D246A7 /* ForEach.swift in Sources */ = {isa = PBXBuildFile; fileRef = 9239F906250BA07400D246A7 /* ForEach.swift */; };
/* End PBXBuildFile section */

/* Begin PBXFileReference section */
		33DDCD5C25002A4800133347 /* ChecklistItem.swift */ = {isa = PBXFileReference; lastKnownFileType = sourcecode.swift; path = ChecklistItem.swift; sourceTree = "<group>"; };
		33F9185324F6D3580083FECD /* ToDoSwiftUI.app */ = {isa = PBXFileReference; explicitFileType = wrapper.application; includeInIndex = 0; path = ToDoSwiftUI.app; sourceTree = BUILT_PRODUCTS_DIR; };
		33F9185624F6D3580083FECD /* AppDelegate.swift */ = {isa = PBXFileReference; lastKnownFileType = sourcecode.swift; path = AppDelegate.swift; sourceTree = "<group>"; };
		33F9185824F6D3580083FECD /* SceneDelegate.swift */ = {isa = PBXFileReference; lastKnownFileType = sourcecode.swift; path = SceneDelegate.swift; sourceTree = "<group>"; };
		33F9185B24F6D3580083FECD /* ToDoSwiftUI.xcdatamodel */ = {isa = PBXFileReference; lastKnownFileType = wrapper.xcdatamodel; path = ToDoSwiftUI.xcdatamodel; sourceTree = "<group>"; };
		33F9185D24F6D3580083FECD /* ChecklistView.swift */ = {isa = PBXFileReference; lastKnownFileType = sourcecode.swift; path = ChecklistView.swift; sourceTree = "<group>"; };
		33F9185F24F6D3590083FECD /* Assets.xcassets */ = {isa = PBXFileReference; lastKnownFileType = folder.assetcatalog; path = Assets.xcassets; sourceTree = "<group>"; };
		33F9186224F6D3590083FECD /* Preview Assets.xcassets */ = {isa = PBXFileReference; lastKnownFileType = folder.assetcatalog; path = "Preview Assets.xcassets"; sourceTree = "<group>"; };
		33F9186524F6D3590083FECD /* Base */ = {isa = PBXFileReference; lastKnownFileType = file.storyboard; name = Base; path = Base.lproj/LaunchScreen.storyboard; sourceTree = "<group>"; };
		33F9186724F6D3590083FECD /* Info.plist */ = {isa = PBXFileReference; lastKnownFileType = text.plist.xml; path = Info.plist; sourceTree = "<group>"; };
		9239F8FB250A0BBD00D246A7 /* Cheklist.swift */ = {isa = PBXFileReference; lastKnownFileType = sourcecode.swift; path = Cheklist.swift; sourceTree = "<group>"; };
		9239F8FD250A23D100D246A7 /* EditCheklistItemView.swift */ = {isa = PBXFileReference; lastKnownFileType = sourcecode.swift; path = EditCheklistItemView.swift; sourceTree = "<group>"; };
		9239F8FF250A433500D246A7 /* NewCheklistItemView.swift */ = {isa = PBXFileReference; lastKnownFileType = sourcecode.swift; path = NewCheklistItemView.swift; sourceTree = "<group>"; };
		9239F901250B6F1C00D246A7 /* RowView.swift */ = {isa = PBXFileReference; lastKnownFileType = sourcecode.swift; path = RowView.swift; sourceTree = "<group>"; };
		9239F904250BA07400D246A7 /* IndexedCollection.swift */ = {isa = PBXFileReference; fileEncoding = 4; lastKnownFileType = sourcecode.swift; path = IndexedCollection.swift; sourceTree = "<group>"; };
		9239F905250BA07400D246A7 /* Binding.swift */ = {isa = PBXFileReference; fileEncoding = 4; lastKnownFileType = sourcecode.swift; path = Binding.swift; sourceTree = "<group>"; };
		9239F906250BA07400D246A7 /* ForEach.swift */ = {isa = PBXFileReference; fileEncoding = 4; lastKnownFileType = sourcecode.swift; path = ForEach.swift; sourceTree = "<group>"; };
/* End PBXFileReference section */

/* Begin PBXFrameworksBuildPhase section */
		33F9185024F6D3580083FECD /* Frameworks */ = {
			isa = PBXFrameworksBuildPhase;
			buildActionMask = 2147483647;
			files = (
			);
			runOnlyForDeploymentPostprocessing = 0;
		};
/* End PBXFrameworksBuildPhase section */

/* Begin PBXGroup section */
		33F9184A24F6D3580083FECD = {
			isa = PBXGroup;
			children = (
				33F9185524F6D3580083FECD /* ToDoSwiftUI */,
				33F9185424F6D3580083FECD /* Products */,
			);
			sourceTree = "<group>";
		};
		33F9185424F6D3580083FECD /* Products */ = {
			isa = PBXGroup;
			children = (
				33F9185324F6D3580083FECD /* ToDoSwiftUI.app */,
			);
			name = Products;
			sourceTree = "<group>";
		};
		33F9185524F6D3580083FECD /* ToDoSwiftUI */ = {
			isa = PBXGroup;
			children = (
				9239F903250BA07400D246A7 /* Extensions */,
				33F9185624F6D3580083FECD /* AppDelegate.swift */,
				33F9185824F6D3580083FECD /* SceneDelegate.swift */,
				33F9185D24F6D3580083FECD /* ChecklistView.swift */,
				9239F8FB250A0BBD00D246A7 /* Cheklist.swift */,
				33DDCD5C25002A4800133347 /* ChecklistItem.swift */,
				9239F8FF250A433500D246A7 /* NewCheklistItemView.swift */,
				9239F8FD250A23D100D246A7 /* EditCheklistItemView.swift */,
				9239F901250B6F1C00D246A7 /* RowView.swift */,
				33F9185F24F6D3590083FECD /* Assets.xcassets */,
				33F9186424F6D3590083FECD /* LaunchScreen.storyboard */,
				33F9186724F6D3590083FECD /* Info.plist */,
				33F9185A24F6D3580083FECD /* ToDoSwiftUI.xcdatamodeld */,
				33F9186124F6D3590083FECD /* Preview Content */,
			);
			path = ToDoSwiftUI;
			sourceTree = "<group>";
		};
		33F9186124F6D3590083FECD /* Preview Content */ = {
			isa = PBXGroup;
			children = (
				33F9186224F6D3590083FECD /* Preview Assets.xcassets */,
			);
			path = "Preview Content";
			sourceTree = "<group>";
		};
		9239F903250BA07400D246A7 /* Extensions */ = {
			isa = PBXGroup;
			children = (
				9239F904250BA07400D246A7 /* IndexedCollection.swift */,
				9239F905250BA07400D246A7 /* Binding.swift */,
				9239F906250BA07400D246A7 /* ForEach.swift */,
			);
			path = Extensions;
			sourceTree = "<group>";
		};
/* End PBXGroup section */

/* Begin PBXNativeTarget section */
		33F9185224F6D3580083FECD /* ToDoSwiftUI */ = {
			isa = PBXNativeTarget;
			buildConfigurationList = 33F9186A24F6D3590083FECD /* Build configuration list for PBXNativeTarget "ToDoSwiftUI" */;
			buildPhases = (
				33F9184F24F6D3580083FECD /* Sources */,
				33F9185024F6D3580083FECD /* Frameworks */,
				33F9185124F6D3580083FECD /* Resources */,
			);
			buildRules = (
			);
			dependencies = (
			);
			name = ToDoSwiftUI;
			productName = ToDoSwiftUI;
			productReference = 33F9185324F6D3580083FECD /* ToDoSwiftUI.app */;
			productType = "com.apple.product-type.application";
		};
/* End PBXNativeTarget section */

/* Begin PBXProject section */
		33F9184B24F6D3580083FECD /* Project object */ = {
			isa = PBXProject;
			attributes = {
				LastSwiftUpdateCheck = 1160;
				LastUpgradeCheck = 1160;
				ORGANIZATIONNAME = "Denis Suspicin";
				TargetAttributes = {
					33F9185224F6D3580083FECD = {
						CreatedOnToolsVersion = 11.6;
					};
				};
			};
			buildConfigurationList = 33F9184E24F6D3580083FECD /* Build configuration list for PBXProject "ToDoSwiftUI" */;
			compatibilityVersion = "Xcode 9.3";
			developmentRegion = en;
			hasScannedForEncodings = 0;
			knownRegions = (
				en,
				Base,
			);
			mainGroup = 33F9184A24F6D3580083FECD;
			productRefGroup = 33F9185424F6D3580083FECD /* Products */;
			projectDirPath = "";
			projectRoot = "";
			targets = (
				33F9185224F6D3580083FECD /* ToDoSwiftUI */,
			);
		};
/* End PBXProject section */

/* Begin PBXResourcesBuildPhase section */
		33F9185124F6D3580083FECD /* Resources */ = {
			isa = PBXResourcesBuildPhase;
			buildActionMask = 2147483647;
			files = (
				33F9186624F6D3590083FECD /* LaunchScreen.storyboard in Resources */,
				33F9186324F6D3590083FECD /* Preview Assets.xcassets in Resources */,
				33F9186024F6D3590083FECD /* Assets.xcassets in Resources */,
			);
			runOnlyForDeploymentPostprocessing = 0;
		};
/* End PBXResourcesBuildPhase section */

/* Begin PBXSourcesBuildPhase section */
		33F9184F24F6D3580083FECD /* Sources */ = {
			isa = PBXSourcesBuildPhase;
			buildActionMask = 2147483647;
			files = (
				9239F909250BA07400D246A7 /* ForEach.swift in Sources */,
				33F9185724F6D3580083FECD /* AppDelegate.swift in Sources */,
				9239F907250BA07400D246A7 /* IndexedCollection.swift in Sources */,
				9239F8FE250A23D100D246A7 /* EditCheklistItemView.swift in Sources */,
				9239F908250BA07400D246A7 /* Binding.swift in Sources */,
				33F9185C24F6D3580083FECD /* ToDoSwiftUI.xcdatamodeld in Sources */,
				33F9185E24F6D3580083FECD /* ChecklistView.swift in Sources */,
				9239F902250B6F1C00D246A7 /* RowView.swift in Sources */,
				33DDCD5D25002A4800133347 /* ChecklistItem.swift in Sources */,
				9239F8FC250A0BBD00D246A7 /* Cheklist.swift in Sources */,
				33F9185924F6D3580083FECD /* SceneDelegate.swift in Sources */,
				9239F900250A433500D246A7 /* NewCheklistItemView.swift in Sources */,
			);
			runOnlyForDeploymentPostprocessing = 0;
		};
/* End PBXSourcesBuildPhase section */

/* Begin PBXVariantGroup section */
		33F9186424F6D3590083FECD /* LaunchScreen.storyboard */ = {
			isa = PBXVariantGroup;
			children = (
				33F9186524F6D3590083FECD /* Base */,
			);
			name = LaunchScreen.storyboard;
			sourceTree = "<group>";
		};
/* End PBXVariantGroup section */

/* Begin XCBuildConfiguration section */
		33F9186824F6D3590083FECD /* Debug */ = {
			isa = XCBuildConfiguration;
			buildSettings = {
				ALWAYS_SEARCH_USER_PATHS = NO;
				CLANG_ANALYZER_NONNULL = YES;
				CLANG_ANALYZER_NUMBER_OBJECT_CONVERSION = YES_AGGRESSIVE;
				CLANG_CXX_LANGUAGE_STANDARD = "gnu++14";
				CLANG_CXX_LIBRARY = "libc++";
				CLANG_ENABLE_MODULES = YES;
				CLANG_ENABLE_OBJC_ARC = YES;
				CLANG_ENABLE_OBJC_WEAK = YES;
				CLANG_WARN_BLOCK_CAPTURE_AUTORELEASING = YES;
				CLANG_WARN_BOOL_CONVERSION = YES;
				CLANG_WARN_COMMA = YES;
				CLANG_WARN_CONSTANT_CONVERSION = YES;
				CLANG_WARN_DEPRECATED_OBJC_IMPLEMENTATIONS = YES;
				CLANG_WARN_DIRECT_OBJC_ISA_USAGE = YES_ERROR;
				CLANG_WARN_DOCUMENTATION_COMMENTS = YES;
				CLANG_WARN_EMPTY_BODY = YES;
				CLANG_WARN_ENUM_CONVERSION = YES;
				CLANG_WARN_INFINITE_RECURSION = YES;
				CLANG_WARN_INT_CONVERSION = YES;
				CLANG_WARN_NON_LITERAL_NULL_CONVERSION = YES;
				CLANG_WARN_OBJC_IMPLICIT_RETAIN_SELF = YES;
				CLANG_WARN_OBJC_LITERAL_CONVERSION = YES;
				CLANG_WARN_OBJC_ROOT_CLASS = YES_ERROR;
				CLANG_WARN_RANGE_LOOP_ANALYSIS = YES;
				CLANG_WARN_STRICT_PROTOTYPES = YES;
				CLANG_WARN_SUSPICIOUS_MOVE = YES;
				CLANG_WARN_UNGUARDED_AVAILABILITY = YES_AGGRESSIVE;
				CLANG_WARN_UNREACHABLE_CODE = YES;
				CLANG_WARN__DUPLICATE_METHOD_MATCH = YES;
				COPY_PHASE_STRIP = NO;
				DEBUG_INFORMATION_FORMAT = dwarf;
				ENABLE_STRICT_OBJC_MSGSEND = YES;
				ENABLE_TESTABILITY = YES;
				GCC_C_LANGUAGE_STANDARD = gnu11;
				GCC_DYNAMIC_NO_PIC = NO;
				GCC_NO_COMMON_BLOCKS = YES;
				GCC_OPTIMIZATION_LEVEL = 0;
				GCC_PREPROCESSOR_DEFINITIONS = (
					"DEBUG=1",
					"$(inherited)",
				);
				GCC_WARN_64_TO_32_BIT_CONVERSION = YES;
				GCC_WARN_ABOUT_RETURN_TYPE = YES_ERROR;
				GCC_WARN_UNDECLARED_SELECTOR = YES;
				GCC_WARN_UNINITIALIZED_AUTOS = YES_AGGRESSIVE;
				GCC_WARN_UNUSED_FUNCTION = YES;
				GCC_WARN_UNUSED_VARIABLE = YES;
				IPHONEOS_DEPLOYMENT_TARGET = 13.6;
				MTL_ENABLE_DEBUG_INFO = INCLUDE_SOURCE;
				MTL_FAST_MATH = YES;
				ONLY_ACTIVE_ARCH = YES;
				SDKROOT = iphoneos;
				SWIFT_ACTIVE_COMPILATION_CONDITIONS = DEBUG;
				SWIFT_OPTIMIZATION_LEVEL = "-Onone";
			};
			name = Debug;
		};
		33F9186924F6D3590083FECD /* Release */ = {
			isa = XCBuildConfiguration;
			buildSettings = {
				ALWAYS_SEARCH_USER_PATHS = NO;
				CLANG_ANALYZER_NONNULL = YES;
				CLANG_ANALYZER_NUMBER_OBJECT_CONVERSION = YES_AGGRESSIVE;
				CLANG_CXX_LANGUAGE_STANDARD = "gnu++14";
				CLANG_CXX_LIBRARY = "libc++";
				CLANG_ENABLE_MODULES = YES;
				CLANG_ENABLE_OBJC_ARC = YES;
				CLANG_ENABLE_OBJC_WEAK = YES;
				CLANG_WARN_BLOCK_CAPTURE_AUTORELEASING = YES;
				CLANG_WARN_BOOL_CONVERSION = YES;
				CLANG_WARN_COMMA = YES;
				CLANG_WARN_CONSTANT_CONVERSION = YES;
				CLANG_WARN_DEPRECATED_OBJC_IMPLEMENTATIONS = YES;
				CLANG_WARN_DIRECT_OBJC_ISA_USAGE = YES_ERROR;
				CLANG_WARN_DOCUMENTATION_COMMENTS = YES;
				CLANG_WARN_EMPTY_BODY = YES;
				CLANG_WARN_ENUM_CONVERSION = YES;
				CLANG_WARN_INFINITE_RECURSION = YES;
				CLANG_WARN_INT_CONVERSION = YES;
				CLANG_WARN_NON_LITERAL_NULL_CONVERSION = YES;
				CLANG_WARN_OBJC_IMPLICIT_RETAIN_SELF = YES;
				CLANG_WARN_OBJC_LITERAL_CONVERSION = YES;
				CLANG_WARN_OBJC_ROOT_CLASS = YES_ERROR;
				CLANG_WARN_RANGE_LOOP_ANALYSIS = YES;
				CLANG_WARN_STRICT_PROTOTYPES = YES;
				CLANG_WARN_SUSPICIOUS_MOVE = YES;
				CLANG_WARN_UNGUARDED_AVAILABILITY = YES_AGGRESSIVE;
				CLANG_WARN_UNREACHABLE_CODE = YES;
				CLANG_WARN__DUPLICATE_METHOD_MATCH = YES;
				COPY_PHASE_STRIP = NO;
				DEBUG_INFORMATION_FORMAT = "dwarf-with-dsym";
				ENABLE_NS_ASSERTIONS = NO;
				ENABLE_STRICT_OBJC_MSGSEND = YES;
				GCC_C_LANGUAGE_STANDARD = gnu11;
				GCC_NO_COMMON_BLOCKS = YES;
				GCC_WARN_64_TO_32_BIT_CONVERSION = YES;
				GCC_WARN_ABOUT_RETURN_TYPE = YES_ERROR;
				GCC_WARN_UNDECLARED_SELECTOR = YES;
				GCC_WARN_UNINITIALIZED_AUTOS = YES_AGGRESSIVE;
				GCC_WARN_UNUSED_FUNCTION = YES;
				GCC_WARN_UNUSED_VARIABLE = YES;
				IPHONEOS_DEPLOYMENT_TARGET = 13.6;
				MTL_ENABLE_DEBUG_INFO = NO;
				MTL_FAST_MATH = YES;
				SDKROOT = iphoneos;
				SWIFT_COMPILATION_MODE = wholemodule;
				SWIFT_OPTIMIZATION_LEVEL = "-O";
				VALIDATE_PRODUCT = YES;
			};
			name = Release;
		};
		33F9186B24F6D3590083FECD /* Debug */ = {
			isa = XCBuildConfiguration;
			buildSettings = {
				ASSETCATALOG_COMPILER_APPICON_NAME = AppIcon;
				CODE_SIGN_STYLE = Automatic;
				DEVELOPMENT_ASSET_PATHS = "\"ToDoSwiftUI/Preview Content\"";
				DEVELOPMENT_TEAM = 9P44DJCU6P;
				ENABLE_PREVIEWS = YES;
				INFOPLIST_FILE = ToDoSwiftUI/Info.plist;
				LD_RUNPATH_SEARCH_PATHS = (
					"$(inherited)",
					"@executable_path/Frameworks",
				);
				PRODUCT_BUNDLE_IDENTIFIER = moonsapps.ToDoSwiftUI;
				PRODUCT_NAME = "$(TARGET_NAME)";
				SWIFT_VERSION = 5.0;
				TARGETED_DEVICE_FAMILY = "1,2";
			};
			name = Debug;
		};
		33F9186C24F6D3590083FECD /* Release */ = {
			isa = XCBuildConfiguration;
			buildSettings = {
				ASSETCATALOG_COMPILER_APPICON_NAME = AppIcon;
				CODE_SIGN_STYLE = Automatic;
				DEVELOPMENT_ASSET_PATHS = "\"ToDoSwiftUI/Preview Content\"";
				DEVELOPMENT_TEAM = 9P44DJCU6P;
				ENABLE_PREVIEWS = YES;
				INFOPLIST_FILE = ToDoSwiftUI/Info.plist;
				LD_RUNPATH_SEARCH_PATHS = (
					"$(inherited)",
					"@executable_path/Frameworks",
				);
				PRODUCT_BUNDLE_IDENTIFIER = moonsapps.ToDoSwiftUI;
				PRODUCT_NAME = "$(TARGET_NAME)";
				SWIFT_VERSION = 5.0;
				TARGETED_DEVICE_FAMILY = "1,2";
			};
			name = Release;
		};
/* End XCBuildConfiguration section */

/* Begin XCConfigurationList section */
		33F9184E24F6D3580083FECD /* Build configuration list for PBXProject "ToDoSwiftUI" */ = {
			isa = XCConfigurationList;
			buildConfigurations = (
				33F9186824F6D3590083FECD /* Debug */,
				33F9186924F6D3590083FECD /* Release */,
			);
			defaultConfigurationIsVisible = 0;
			defaultConfigurationName = Release;
		};
		33F9186A24F6D3590083FECD /* Build configuration list for PBXNativeTarget "ToDoSwiftUI" */ = {
			isa = XCConfigurationList;
			buildConfigurations = (
				33F9186B24F6D3590083FECD /* Debug */,
				33F9186C24F6D3590083FECD /* Release */,
			);
			defaultConfigurationIsVisible = 0;
			defaultConfigurationName = Release;
		};
/* End XCConfigurationList section */

/* Begin XCVersionGroup section */
		33F9185A24F6D3580083FECD /* ToDoSwiftUI.xcdatamodeld */ = {
			isa = XCVersionGroup;
			children = (
				33F9185B24F6D3580083FECD /* ToDoSwiftUI.xcdatamodel */,
			);
			currentVersion = 33F9185B24F6D3580083FECD /* ToDoSwiftUI.xcdatamodel */;
			path = ToDoSwiftUI.xcdatamodeld;
			sourceTree = "<group>";
			versionGroupType = wrapper.xcdatamodel;
		};
/* End XCVersionGroup section */
	};
	rootObject = 33F9184B24F6D3580083FECD /* Project object */;
}
